
Microsoft Visual Studio Solution File, Format Version 12.00
# Visual Studio Version 17
VisualStudioVersion = 17.4.33205.214
MinimumVisualStudioVersion = 10.0.40219.1
Project("{FAE04EC0-301F-11D3-BF4B-00C04F79EFBC}") = "API", "API\API.csproj", "{1748D9B4-6E72-45D9-9FF0-30751F4C0A8E}"
EndProject
Project("{FAE04EC0-301F-11D3-BF4B-00C04F79EFBC}") = "Core", "Core\Core.csproj", "{5F2B6751-0AE9-4E68-B7D6-60612A435BF5}"
EndProject
Project("{FAE04EC0-301F-11D3-BF4B-00C04F79EFBC}") = "Infrastructure", "Infrastructure\Infrastructure.csproj", "{49D5119B-D69B-4B39-A5BD-9D2DDB13C074}"
EndProject
Global
	GlobalSection(SolutionConfigurationPlatforms) = preSolution
		Debug|Any CPU = Debug|Any CPU
		Release|Any CPU = Release|Any CPU
	EndGlobalSection
	GlobalSection(ProjectConfigurationPlatforms) = postSolution
		{1748D9B4-6E72-45D9-9FF0-30751F4C0A8E}.Debug|Any CPU.ActiveCfg = Debug|Any CPU
		{1748D9B4-6E72-45D9-9FF0-30751F4C0A8E}.Debug|Any CPU.Build.0 = Debug|Any CPU
		{1748D9B4-6E72-45D9-9FF0-30751F4C0A8E}.Release|Any CPU.ActiveCfg = Release|Any CPU
		{1748D9B4-6E72-45D9-9FF0-30751F4C0A8E}.Release|Any CPU.Build.0 = Release|Any CPU
		{5F2B6751-0AE9-4E68-B7D6-60612A435BF5}.Debug|Any CPU.ActiveCfg = Debug|Any CPU
		{5F2B6751-0AE9-4E68-B7D6-60612A435BF5}.Debug|Any CPU.Build.0 = Debug|Any CPU
		{5F2B6751-0AE9-4E68-B7D6-60612A435BF5}.Release|Any CPU.ActiveCfg = Release|Any CPU
		{5F2B6751-0AE9-4E68-B7D6-60612A435BF5}.Release|Any CPU.Build.0 = Release|Any CPU
		{49D5119B-D69B-4B39-A5BD-9D2DDB13C074}.Debug|Any CPU.ActiveCfg = Debug|Any CPU
		{49D5119B-D69B-4B39-A5BD-9D2DDB13C074}.Debug|Any CPU.Build.0 = Debug|Any CPU
		{49D5119B-D69B-4B39-A5BD-9D2DDB13C074}.Release|Any CPU.ActiveCfg = Release|Any CPU
		{49D5119B-D69B-4B39-A5BD-9D2DDB13C074}.Release|Any CPU.Build.0 = Release|Any CPU
	EndGlobalSection
	GlobalSection(SolutionProperties) = preSolution
		HideSolutionNode = FALSE
	EndGlobalSection
	GlobalSection(ExtensibilityGlobals) = postSolution
		SolutionGuid = {A85BC576-7D75-44EA-ADD3-372209DB2572}
	EndGlobalSection
EndGlobal
